
Microsoft Visual Studio Solution File, Format Version 12.00
# Visual Studio Version 16
VisualStudioVersion = 16.0.29319.158
MinimumVisualStudioVersion = 10.0.40219.1
Project("{9A19103F-16F7-4668-BE54-9A1E7A4F7556}") = "ConsoleApp1", "ConsoleApp1\ConsoleApp1.csproj", "{2028887F-0D8E-40CC-8E11-059B3BFA8FB5}"
EndProject
Global
	GlobalSection(SolutionConfigurationPlatforms) = preSolution
		Debug|Any CPU = Debug|Any CPU
		Release|Any CPU = Release|Any CPU
	EndGlobalSection
	GlobalSection(ProjectConfigurationPlatforms) = postSolution
		{2028887F-0D8E-40CC-8E11-059B3BFA8FB5}.Debug|Any CPU.ActiveCfg = Debug|Any CPU
		{2028887F-0D8E-40CC-8E11-059B3BFA8FB5}.Debug|Any CPU.Build.0 = Debug|Any CPU
		{2028887F-0D8E-40CC-8E11-059B3BFA8FB5}.Release|Any CPU.ActiveCfg = Release|Any CPU
		{2028887F-0D8E-40CC-8E11-059B3BFA8FB5}.Release|Any CPU.Build.0 = Release|Any CPU
	EndGlobalSection
	GlobalSection(SolutionProperties) = preSolution
		HideSolutionNode = FALSE
	EndGlobalSection
	GlobalSection(ExtensibilityGlobals) = postSolution
		SolutionGuid = {CBA3BBAB-28DB-47AF-98C6-F90E241E209D}
	EndGlobalSection
EndGlobal
